
Microsoft Visual Studio Solution File, Format Version 12.00
# Visual Studio Version 17
VisualStudioVersion = 17.12.35527.113
MinimumVisualStudioVersion = 10.0.40219.1
Project("{8BC9CEB8-8B4A-11D0-8D11-00A0C91BC942}") = "Codium", "Codium\Codium.vcxproj", "{05FC8049-1E4D-44A7-BC67-6850D69BCDCF}"
EndProject
Project("{8BC9CEB8-8B4A-11D0-8D11-00A0C91BC942}") = "Sandbox", "Sandbox\Sandbox.vcxproj", "{A41A695E-5B23-4A8D-8E34-F41B635314ED}"
EndProject
Global
	GlobalSection(SolutionConfigurationPlatforms) = preSolution
		Debug|x64 = Debug|x64
		Release|x64 = Release|x64
	EndGlobalSection
	GlobalSection(ProjectConfigurationPlatforms) = postSolution
		{05FC8049-1E4D-44A7-BC67-6850D69BCDCF}.Debug|x64.ActiveCfg = Debug|x64
		{05FC8049-1E4D-44A7-BC67-6850D69BCDCF}.Debug|x64.Build.0 = Debug|x64
		{05FC8049-1E4D-44A7-BC67-6850D69BCDCF}.Release|x64.ActiveCfg = Release|x64
		{05FC8049-1E4D-44A7-BC67-6850D69BCDCF}.Release|x64.Build.0 = Release|x64
		{A41A695E-5B23-4A8D-8E34-F41B635314ED}.Debug|x64.ActiveCfg = Debug|x64
		{A41A695E-5B23-4A8D-8E34-F41B635314ED}.Debug|x64.Build.0 = Debug|x64
		{A41A695E-5B23-4A8D-8E34-F41B635314ED}.Release|x64.ActiveCfg = Release|x64
		{A41A695E-5B23-4A8D-8E34-F41B635314ED}.Release|x64.Build.0 = Release|x64
	EndGlobalSection
	GlobalSection(SolutionProperties) = preSolution
		HideSolutionNode = FALSE
	EndGlobalSection
EndGlobal
